// !$*UTF8*$!
{
	archiveVersion = 1;
	classes = {
	};
	objectVersion = 50;
	objects = {

/* Begin PBXBuildFile section */
		AB0194962122FDB900638228 /* LineGraphView.swift in Sources */ = {isa = PBXBuildFile; fileRef = AB0194952122FDB900638228 /* LineGraphView.swift */; };
		AB01949D2122FE2A00638228 /* ChartLabel.swift in Sources */ = {isa = PBXBuildFile; fileRef = AB0194982122FE2A00638228 /* ChartLabel.swift */; };
		AB01949E2122FE2A00638228 /* ChartConcentricCircle.swift in Sources */ = {isa = PBXBuildFile; fileRef = AB0194992122FE2A00638228 /* ChartConcentricCircle.swift */; };
		AB01949F2122FE2A00638228 /* Chart.swift in Sources */ = {isa = PBXBuildFile; fileRef = AB01949A2122FE2A00638228 /* Chart.swift */; };
		AB0194A02122FE2A00638228 /* ChartSlice.swift in Sources */ = {isa = PBXBuildFile; fileRef = AB01949B2122FE2A00638228 /* ChartSlice.swift */; };
		AB0194A12122FE2A00638228 /* ChartDivider.swift in Sources */ = {isa = PBXBuildFile; fileRef = AB01949C2122FE2A00638228 /* ChartDivider.swift */; };
		AB0194A32123004600638228 /* DividerLine.swift in Sources */ = {isa = PBXBuildFile; fileRef = AB0194A22123004600638228 /* DividerLine.swift */; };
		AB0194A52123009C00638228 /* GraphLabel.swift in Sources */ = {isa = PBXBuildFile; fileRef = AB0194A42123009C00638228 /* GraphLabel.swift */; };
		AB239D2E21590B30003B970C /* Arc.swift in Sources */ = {isa = PBXBuildFile; fileRef = AB239D2D21590B30003B970C /* Arc.swift */; };
		ABBC55E12122DEFC0071E494 /* AppDelegate.swift in Sources */ = {isa = PBXBuildFile; fileRef = ABBC55E02122DEFC0071E494 /* AppDelegate.swift */; };
		ABBC55E32122DEFC0071E494 /* ViewController.swift in Sources */ = {isa = PBXBuildFile; fileRef = ABBC55E22122DEFC0071E494 /* ViewController.swift */; };
		ABBC55E62122DEFC0071E494 /* Main.storyboard in Resources */ = {isa = PBXBuildFile; fileRef = ABBC55E42122DEFC0071E494 /* Main.storyboard */; };
		ABBC55E82122DEFE0071E494 /* Assets.xcassets in Resources */ = {isa = PBXBuildFile; fileRef = ABBC55E72122DEFE0071E494 /* Assets.xcassets */; };
		ABBC55EB2122DEFE0071E494 /* LaunchScreen.storyboard in Resources */ = {isa = PBXBuildFile; fileRef = ABBC55E92122DEFE0071E494 /* LaunchScreen.storyboard */; };
		ABF908EC21256F01005A2EB1 /* GraphPoint.swift in Sources */ = {isa = PBXBuildFile; fileRef = ABF908EB21256F01005A2EB1 /* GraphPoint.swift */; };
/* End PBXBuildFile section */

/* Begin PBXFileReference section */
		AB0194952122FDB900638228 /* LineGraphView.swift */ = {isa = PBXFileReference; lastKnownFileType = sourcecode.swift; path = LineGraphView.swift; sourceTree = "<group>"; };
		AB0194982122FE2A00638228 /* ChartLabel.swift */ = {isa = PBXFileReference; fileEncoding = 4; lastKnownFileType = sourcecode.swift; path = ChartLabel.swift; sourceTree = "<group>"; };
		AB0194992122FE2A00638228 /* ChartConcentricCircle.swift */ = {isa = PBXFileReference; fileEncoding = 4; lastKnownFileType = sourcecode.swift; path = ChartConcentricCircle.swift; sourceTree = "<group>"; };
		AB01949A2122FE2A00638228 /* Chart.swift */ = {isa = PBXFileReference; fileEncoding = 4; lastKnownFileType = sourcecode.swift; path = Chart.swift; sourceTree = "<group>"; };
		AB01949B2122FE2A00638228 /* ChartSlice.swift */ = {isa = PBXFileReference; fileEncoding = 4; lastKnownFileType = sourcecode.swift; path = ChartSlice.swift; sourceTree = "<group>"; };
		AB01949C2122FE2A00638228 /* ChartDivider.swift */ = {isa = PBXFileReference; fileEncoding = 4; lastKnownFileType = sourcecode.swift; path = ChartDivider.swift; sourceTree = "<group>"; };
		AB0194A22123004600638228 /* DividerLine.swift */ = {isa = PBXFileReference; lastKnownFileType = sourcecode.swift; path = DividerLine.swift; sourceTree = "<group>"; };
		AB0194A42123009C00638228 /* GraphLabel.swift */ = {isa = PBXFileReference; lastKnownFileType = sourcecode.swift; path = GraphLabel.swift; sourceTree = "<group>"; };
		AB239D2D21590B30003B970C /* Arc.swift */ = {isa = PBXFileReference; fileEncoding = 4; lastKnownFileType = sourcecode.swift; path = Arc.swift; sourceTree = "<group>"; };
		ABBC55DD2122DEFC0071E494 /* LineGraph.app */ = {isa = PBXFileReference; explicitFileType = wrapper.application; includeInIndex = 0; path = LineGraph.app; sourceTree = BUILT_PRODUCTS_DIR; };
		ABBC55E02122DEFC0071E494 /* AppDelegate.swift */ = {isa = PBXFileReference; lastKnownFileType = sourcecode.swift; path = AppDelegate.swift; sourceTree = "<group>"; };
		ABBC55E22122DEFC0071E494 /* ViewController.swift */ = {isa = PBXFileReference; lastKnownFileType = sourcecode.swift; path = ViewController.swift; sourceTree = "<group>"; };
		ABBC55E52122DEFC0071E494 /* Base */ = {isa = PBXFileReference; lastKnownFileType = file.storyboard; name = Base; path = Base.lproj/Main.storyboard; sourceTree = "<group>"; };
		ABBC55E72122DEFE0071E494 /* Assets.xcassets */ = {isa = PBXFileReference; lastKnownFileType = folder.assetcatalog; path = Assets.xcassets; sourceTree = "<group>"; };
		ABBC55EA2122DEFE0071E494 /* Base */ = {isa = PBXFileReference; lastKnownFileType = file.storyboard; name = Base; path = Base.lproj/LaunchScreen.storyboard; sourceTree = "<group>"; };
		ABBC55EC2122DEFE0071E494 /* Info.plist */ = {isa = PBXFileReference; lastKnownFileType = text.plist.xml; path = Info.plist; sourceTree = "<group>"; };
		ABF908EB21256F01005A2EB1 /* GraphPoint.swift */ = {isa = PBXFileReference; lastKnownFileType = sourcecode.swift; path = GraphPoint.swift; sourceTree = "<group>"; };
/* End PBXFileReference section */

/* Begin PBXFrameworksBuildPhase section */
		ABBC55DA2122DEFC0071E494 /* Frameworks */ = {
			isa = PBXFrameworksBuildPhase;
			buildActionMask = 2147483647;
			files = (
			);
			runOnlyForDeploymentPostprocessing = 0;
		};
/* End PBXFrameworksBuildPhase section */

/* Begin PBXGroup section */
		AB0194972122FE2A00638228 /* Chart */ = {
			isa = PBXGroup;
			children = (
				AB0194982122FE2A00638228 /* ChartLabel.swift */,
				AB0194992122FE2A00638228 /* ChartConcentricCircle.swift */,
				AB01949A2122FE2A00638228 /* Chart.swift */,
				AB01949B2122FE2A00638228 /* ChartSlice.swift */,
				AB01949C2122FE2A00638228 /* ChartDivider.swift */,
			);
			path = Chart;
			sourceTree = "<group>";
		};
		ABBC55D42122DEFC0071E494 = {
			isa = PBXGroup;
			children = (
				ABBC55DF2122DEFC0071E494 /* LineGraph */,
				ABBC55DE2122DEFC0071E494 /* Products */,
			);
			sourceTree = "<group>";
		};
		ABBC55DE2122DEFC0071E494 /* Products */ = {
			isa = PBXGroup;
			children = (
				ABBC55DD2122DEFC0071E494 /* LineGraph.app */,
			);
			name = Products;
			sourceTree = "<group>";
		};
		ABBC55DF2122DEFC0071E494 /* LineGraph */ = {
			isa = PBXGroup;
			children = (
				AB0194972122FE2A00638228 /* Chart */,
				ABBC55E02122DEFC0071E494 /* AppDelegate.swift */,
				ABBC55E22122DEFC0071E494 /* ViewController.swift */,
				ABBC55E42122DEFC0071E494 /* Main.storyboard */,
				ABBC55E72122DEFE0071E494 /* Assets.xcassets */,
				ABBC55E92122DEFE0071E494 /* LaunchScreen.storyboard */,
				ABBC55EC2122DEFE0071E494 /* Info.plist */,
				AB0194952122FDB900638228 /* LineGraphView.swift */,
				AB0194A22123004600638228 /* DividerLine.swift */,
				AB239D2D21590B30003B970C /* Arc.swift */,
				ABF908EB21256F01005A2EB1 /* GraphPoint.swift */,
				AB0194A42123009C00638228 /* GraphLabel.swift */,
			);
			path = LineGraph;
			sourceTree = "<group>";
		};
/* End PBXGroup section */

/* Begin PBXNativeTarget section */
		ABBC55DC2122DEFC0071E494 /* LineGraph */ = {
			isa = PBXNativeTarget;
			buildConfigurationList = ABBC55EF2122DEFE0071E494 /* Build configuration list for PBXNativeTarget "LineGraph" */;
			buildPhases = (
				ABBC55D92122DEFC0071E494 /* Sources */,
				ABBC55DA2122DEFC0071E494 /* Frameworks */,
				ABBC55DB2122DEFC0071E494 /* Resources */,
			);
			buildRules = (
			);
			dependencies = (
			);
			name = LineGraph;
			productName = LineGraph;
			productReference = ABBC55DD2122DEFC0071E494 /* LineGraph.app */;
			productType = "com.apple.product-type.application";
		};
/* End PBXNativeTarget section */

/* Begin PBXProject section */
		ABBC55D52122DEFC0071E494 /* Project object */ = {
			isa = PBXProject;
			attributes = {
				LastSwiftUpdateCheck = 0930;
				LastUpgradeCheck = 0930;
				ORGANIZATIONNAME = "Prateek Sharma";
				TargetAttributes = {
					ABBC55DC2122DEFC0071E494 = {
						CreatedOnToolsVersion = 9.3;
					};
				};
			};
			buildConfigurationList = ABBC55D82122DEFC0071E494 /* Build configuration list for PBXProject "LineGraph" */;
			compatibilityVersion = "Xcode 9.3";
			developmentRegion = en;
			hasScannedForEncodings = 0;
			knownRegions = (
				en,
				Base,
			);
			mainGroup = ABBC55D42122DEFC0071E494;
			productRefGroup = ABBC55DE2122DEFC0071E494 /* Products */;
			projectDirPath = "";
			projectRoot = "";
			targets = (
				ABBC55DC2122DEFC0071E494 /* LineGraph */,
			);
		};
/* End PBXProject section */

/* Begin PBXResourcesBuildPhase section */
		ABBC55DB2122DEFC0071E494 /* Resources */ = {
			isa = PBXResourcesBuildPhase;
			buildActionMask = 2147483647;
			files = (
				ABBC55EB2122DEFE0071E494 /* LaunchScreen.storyboard in Resources */,
				ABBC55E82122DEFE0071E494 /* Assets.xcassets in Resources */,
				ABBC55E62122DEFC0071E494 /* Main.storyboard in Resources */,
			);
			runOnlyForDeploymentPostprocessing = 0;
		};
/* End PBXResourcesBuildPhase section */

/* Begin PBXSourcesBuildPhase section */
		ABBC55D92122DEFC0071E494 /* Sources */ = {
			isa = PBXSourcesBuildPhase;
			buildActionMask = 2147483647;
			files = (
				ABBC55E32122DEFC0071E494 /* ViewController.swift in Sources */,
				AB01949E2122FE2A00638228 /* ChartConcentricCircle.swift in Sources */,
				AB239D2E21590B30003B970C /* Arc.swift in Sources */,
				AB0194A32123004600638228 /* DividerLine.swift in Sources */,
				AB01949F2122FE2A00638228 /* Chart.swift in Sources */,
				AB0194A02122FE2A00638228 /* ChartSlice.swift in Sources */,
				AB01949D2122FE2A00638228 /* ChartLabel.swift in Sources */,
				ABBC55E12122DEFC0071E494 /* AppDelegate.swift in Sources */,
				AB0194A52123009C00638228 /* GraphLabel.swift in Sources */,
				ABF908EC21256F01005A2EB1 /* GraphPoint.swift in Sources */,
				AB0194A12122FE2A00638228 /* ChartDivider.swift in Sources */,
				AB0194962122FDB900638228 /* LineGraphView.swift in Sources */,
			);
			runOnlyForDeploymentPostprocessing = 0;
		};
/* End PBXSourcesBuildPhase section */

/* Begin PBXVariantGroup section */
		ABBC55E42122DEFC0071E494 /* Main.storyboard */ = {
			isa = PBXVariantGroup;
			children = (
				ABBC55E52122DEFC0071E494 /* Base */,
			);
			name = Main.storyboard;
			sourceTree = "<group>";
		};
		ABBC55E92122DEFE0071E494 /* LaunchScreen.storyboard */ = {
			isa = PBXVariantGroup;
			children = (
				ABBC55EA2122DEFE0071E494 /* Base */,
			);
			name = LaunchScreen.storyboard;
			sourceTree = "<group>";
		};
/* End PBXVariantGroup section */

/* Begin XCBuildConfiguration section */
		ABBC55ED2122DEFE0071E494 /* Debug */ = {
			isa = XCBuildConfiguration;
			buildSettings = {
				ALWAYS_SEARCH_USER_PATHS = NO;
				CLANG_ANALYZER_NONNULL = YES;
				CLANG_ANALYZER_NUMBER_OBJECT_CONVERSION = YES_AGGRESSIVE;
				CLANG_CXX_LANGUAGE_STANDARD = "gnu++14";
				CLANG_CXX_LIBRARY = "libc++";
				CLANG_ENABLE_MODULES = YES;
				CLANG_ENABLE_OBJC_ARC = YES;
				CLANG_ENABLE_OBJC_WEAK = YES;
				CLANG_WARN_BLOCK_CAPTURE_AUTORELEASING = YES;
				CLANG_WARN_BOOL_CONVERSION = YES;
				CLANG_WARN_COMMA = YES;
				CLANG_WARN_CONSTANT_CONVERSION = YES;
				CLANG_WARN_DEPRECATED_OBJC_IMPLEMENTATIONS = YES;
				CLANG_WARN_DIRECT_OBJC_ISA_USAGE = YES_ERROR;
				CLANG_WARN_DOCUMENTATION_COMMENTS = YES;
				CLANG_WARN_EMPTY_BODY = YES;
				CLANG_WARN_ENUM_CONVERSION = YES;
				CLANG_WARN_INFINITE_RECURSION = YES;
				CLANG_WARN_INT_CONVERSION = YES;
				CLANG_WARN_NON_LITERAL_NULL_CONVERSION = YES;
				CLANG_WARN_OBJC_IMPLICIT_RETAIN_SELF = YES;
				CLANG_WARN_OBJC_LITERAL_CONVERSION = YES;
				CLANG_WARN_OBJC_ROOT_CLASS = YES_ERROR;
				CLANG_WARN_RANGE_LOOP_ANALYSIS = YES;
				CLANG_WARN_STRICT_PROTOTYPES = YES;
				CLANG_WARN_SUSPICIOUS_MOVE = YES;
				CLANG_WARN_UNGUARDED_AVAILABILITY = YES_AGGRESSIVE;
				CLANG_WARN_UNREACHABLE_CODE = YES;
				CLANG_WARN__DUPLICATE_METHOD_MATCH = YES;
				CODE_SIGN_IDENTITY = "iPhone Developer";
				COPY_PHASE_STRIP = NO;
				DEBUG_INFORMATION_FORMAT = dwarf;
				ENABLE_STRICT_OBJC_MSGSEND = YES;
				ENABLE_TESTABILITY = YES;
				GCC_C_LANGUAGE_STANDARD = gnu11;
				GCC_DYNAMIC_NO_PIC = NO;
				GCC_NO_COMMON_BLOCKS = YES;
				GCC_OPTIMIZATION_LEVEL = 0;
				GCC_PREPROCESSOR_DEFINITIONS = (
					"DEBUG=1",
					"$(inherited)",
				);
				GCC_WARN_64_TO_32_BIT_CONVERSION = YES;
				GCC_WARN_ABOUT_RETURN_TYPE = YES_ERROR;
				GCC_WARN_UNDECLARED_SELECTOR = YES;
				GCC_WARN_UNINITIALIZED_AUTOS = YES_AGGRESSIVE;
				GCC_WARN_UNUSED_FUNCTION = YES;
				GCC_WARN_UNUSED_VARIABLE = YES;
				IPHONEOS_DEPLOYMENT_TARGET = 11.3;
				MTL_ENABLE_DEBUG_INFO = YES;
				ONLY_ACTIVE_ARCH = YES;
				SDKROOT = iphoneos;
				SWIFT_ACTIVE_COMPILATION_CONDITIONS = DEBUG;
				SWIFT_OPTIMIZATION_LEVEL = "-Onone";
			};
			name = Debug;
		};
		ABBC55EE2122DEFE0071E494 /* Release */ = {
			isa = XCBuildConfiguration;
			buildSettings = {
				ALWAYS_SEARCH_USER_PATHS = NO;
				CLANG_ANALYZER_NONNULL = YES;
				CLANG_ANALYZER_NUMBER_OBJECT_CONVERSION = YES_AGGRESSIVE;
				CLANG_CXX_LANGUAGE_STANDARD = "gnu++14";
				CLANG_CXX_LIBRARY = "libc++";
				CLANG_ENABLE_MODULES = YES;
				CLANG_ENABLE_OBJC_ARC = YES;
				CLANG_ENABLE_OBJC_WEAK = YES;
				CLANG_WARN_BLOCK_CAPTURE_AUTORELEASING = YES;
				CLANG_WARN_BOOL_CONVERSION = YES;
				CLANG_WARN_COMMA = YES;
				CLANG_WARN_CONSTANT_CONVERSION = YES;
				CLANG_WARN_DEPRECATED_OBJC_IMPLEMENTATIONS = YES;
				CLANG_WARN_DIRECT_OBJC_ISA_USAGE = YES_ERROR;
				CLANG_WARN_DOCUMENTATION_COMMENTS = YES;
				CLANG_WARN_EMPTY_BODY = YES;
				CLANG_WARN_ENUM_CONVERSION = YES;
				CLANG_WARN_INFINITE_RECURSION = YES;
				CLANG_WARN_INT_CONVERSION = YES;
				CLANG_WARN_NON_LITERAL_NULL_CONVERSION = YES;
				CLANG_WARN_OBJC_IMPLICIT_RETAIN_SELF = YES;
				CLANG_WARN_OBJC_LITERAL_CONVERSION = YES;
				CLANG_WARN_OBJC_ROOT_CLASS = YES_ERROR;
				CLANG_WARN_RANGE_LOOP_ANALYSIS = YES;
				CLANG_WARN_STRICT_PROTOTYPES = YES;
				CLANG_WARN_SUSPICIOUS_MOVE = YES;
				CLANG_WARN_UNGUARDED_AVAILABILITY = YES_AGGRESSIVE;
				CLANG_WARN_UNREACHABLE_CODE = YES;
				CLANG_WARN__DUPLICATE_METHOD_MATCH = YES;
				CODE_SIGN_IDENTITY = "iPhone Developer";
				COPY_PHASE_STRIP = NO;
				DEBUG_INFORMATION_FORMAT = "dwarf-with-dsym";
				ENABLE_NS_ASSERTIONS = NO;
				ENABLE_STRICT_OBJC_MSGSEND = YES;
				GCC_C_LANGUAGE_STANDARD = gnu11;
				GCC_NO_COMMON_BLOCKS = YES;
				GCC_WARN_64_TO_32_BIT_CONVERSION = YES;
				GCC_WARN_ABOUT_RETURN_TYPE = YES_ERROR;
				GCC_WARN_UNDECLARED_SELECTOR = YES;
				GCC_WARN_UNINITIALIZED_AUTOS = YES_AGGRESSIVE;
				GCC_WARN_UNUSED_FUNCTION = YES;
				GCC_WARN_UNUSED_VARIABLE = YES;
				IPHONEOS_DEPLOYMENT_TARGET = 11.3;
				MTL_ENABLE_DEBUG_INFO = NO;
				SDKROOT = iphoneos;
				SWIFT_COMPILATION_MODE = wholemodule;
				SWIFT_OPTIMIZATION_LEVEL = "-O";
				VALIDATE_PRODUCT = YES;
			};
			name = Release;
		};
		ABBC55F02122DEFE0071E494 /* Debug */ = {
			isa = XCBuildConfiguration;
			buildSettings = {
				ASSETCATALOG_COMPILER_APPICON_NAME = AppIcon;
				CODE_SIGN_STYLE = Automatic;
				INFOPLIST_FILE = LineGraph/Info.plist;
				LD_RUNPATH_SEARCH_PATHS = (
					"$(inherited)",
					"@executable_path/Frameworks",
				);
				PRODUCT_BUNDLE_IDENTIFIER = com.vinsol.LineGraph;
				PRODUCT_NAME = "$(TARGET_NAME)";
				SWIFT_VERSION = 4.0;
				TARGETED_DEVICE_FAMILY = "1,2";
			};
			name = Debug;
		};
		ABBC55F12122DEFE0071E494 /* Release */ = {
			isa = XCBuildConfiguration;
			buildSettings = {
				ASSETCATALOG_COMPILER_APPICON_NAME = AppIcon;
				CODE_SIGN_STYLE = Automatic;
				INFOPLIST_FILE = LineGraph/Info.plist;
				LD_RUNPATH_SEARCH_PATHS = (
					"$(inherited)",
					"@executable_path/Frameworks",
				);
				PRODUCT_BUNDLE_IDENTIFIER = com.vinsol.LineGraph;
				PRODUCT_NAME = "$(TARGET_NAME)";
				SWIFT_VERSION = 4.0;
				TARGETED_DEVICE_FAMILY = "1,2";
			};
			name = Release;
		};
/* End XCBuildConfiguration section */

/* Begin XCConfigurationList section */
		ABBC55D82122DEFC0071E494 /* Build configuration list for PBXProject "LineGraph" */ = {
			isa = XCConfigurationList;
			buildConfigurations = (
				ABBC55ED2122DEFE0071E494 /* Debug */,
				ABBC55EE2122DEFE0071E494 /* Release */,
			);
			defaultConfigurationIsVisible = 0;
			defaultConfigurationName = Release;
		};
		ABBC55EF2122DEFE0071E494 /* Build configuration list for PBXNativeTarget "LineGraph" */ = {
			isa = XCConfigurationList;
			buildConfigurations = (
				ABBC55F02122DEFE0071E494 /* Debug */,
				ABBC55F12122DEFE0071E494 /* Release */,
			);
			defaultConfigurationIsVisible = 0;
			defaultConfigurationName = Release;
		};
/* End XCConfigurationList section */
	};
	rootObject = ABBC55D52122DEFC0071E494 /* Project object */;
}
